
Microsoft Visual Studio Solution File, Format Version 10.00
# Visual Studio 2008
Project("{8BC9CEB8-8B4A-11D0-8D11-00A0C91BC942}") = "GCBTestTool", "GCBTestTool\GCBTestTool.vcproj", "{7619FDFE-6B42-4523-8BF3-259AE4A00B73}"
EndProject
Global
	GlobalSection(SolutionConfigurationPlatforms) = preSolution
		Debug|Win32 = Debug|Win32
		Release|Win32 = Release|Win32
	EndGlobalSection
	GlobalSection(ProjectConfigurationPlatforms) = postSolution
		{7619FDFE-6B42-4523-8BF3-259AE4A00B73}.Debug|Win32.ActiveCfg = Debug|Win32
		{7619FDFE-6B42-4523-8BF3-259AE4A00B73}.Debug|Win32.Build.0 = Debug|Win32
		{7619FDFE-6B42-4523-8BF3-259AE4A00B73}.Release|Win32.ActiveCfg = Release|Win32
		{7619FDFE-6B42-4523-8BF3-259AE4A00B73}.Release|Win32.Build.0 = Release|Win32
	EndGlobalSection
	GlobalSection(SolutionProperties) = preSolution
		HideSolutionNode = FALSE
	EndGlobalSection
EndGlobal
